
Microsoft Visual Studio Solution File, Format Version 12.00
# Visual Studio Version 16
VisualStudioVersion = 16.0.29503.13
MinimumVisualStudioVersion = 10.0.40219.1
Project("{FAE04EC0-301F-11D3-BF4B-00C04F79EFBC}") = "SimpleThreadingDemo", "SimpleThreadingDemo.csproj", "{16E4DC54-F4F4-4D2E-BA1C-CBDB1F17ACBD}"
EndProject
Project("{FAE04EC0-301F-11D3-BF4B-00C04F79EFBC}") = "SingleINstance", "..\SingleINstance\SingleINstance.csproj", "{B713595E-E5A8-4B3D-B49B-8EE5E3DB2975}"
EndProject
Global
	GlobalSection(SolutionConfigurationPlatforms) = preSolution
		Debug|Any CPU = Debug|Any CPU
		Release|Any CPU = Release|Any CPU
	EndGlobalSection
	GlobalSection(ProjectConfigurationPlatforms) = postSolution
		{16E4DC54-F4F4-4D2E-BA1C-CBDB1F17ACBD}.Debug|Any CPU.ActiveCfg = Debug|Any CPU
		{16E4DC54-F4F4-4D2E-BA1C-CBDB1F17ACBD}.Debug|Any CPU.Build.0 = Debug|Any CPU
		{16E4DC54-F4F4-4D2E-BA1C-CBDB1F17ACBD}.Release|Any CPU.ActiveCfg = Release|Any CPU
		{16E4DC54-F4F4-4D2E-BA1C-CBDB1F17ACBD}.Release|Any CPU.Build.0 = Release|Any CPU
		{B713595E-E5A8-4B3D-B49B-8EE5E3DB2975}.Debug|Any CPU.ActiveCfg = Debug|Any CPU
		{B713595E-E5A8-4B3D-B49B-8EE5E3DB2975}.Debug|Any CPU.Build.0 = Debug|Any CPU
		{B713595E-E5A8-4B3D-B49B-8EE5E3DB2975}.Release|Any CPU.ActiveCfg = Release|Any CPU
		{B713595E-E5A8-4B3D-B49B-8EE5E3DB2975}.Release|Any CPU.Build.0 = Release|Any CPU
	EndGlobalSection
	GlobalSection(SolutionProperties) = preSolution
		HideSolutionNode = FALSE
	EndGlobalSection
	GlobalSection(ExtensibilityGlobals) = postSolution
		SolutionGuid = {86A5C36C-C550-46DE-8068-2C69D2C87B31}
	EndGlobalSection
EndGlobal
